
Microsoft Visual Studio Solution File, Format Version 12.00
# Visual Studio 15
VisualStudioVersion = 15.0.26730.15
MinimumVisualStudioVersion = 10.0.40219.1
Project("{8BC9CEB8-8B4A-11D0-8D11-00A0C91BC942}") = "MathLib", "MathLib\MathLib.vcxproj", "{D3F465B4-CCA9-4B82-BFE8-B6CD1D72C73E}"
EndProject
Project("{8BC9CEB8-8B4A-11D0-8D11-00A0C91BC942}") = "MathLibApp", "MathLibApp\MathLibApp.vcxproj", "{D7F126CC-F5C8-4FC4-93EC-F7516CD7F816}"
EndProject
Global
	GlobalSection(SolutionConfigurationPlatforms) = preSolution
		Debug|x64 = Debug|x64
		Debug|x86 = Debug|x86
		Release|x64 = Release|x64
		Release|x86 = Release|x86
	EndGlobalSection
	GlobalSection(ProjectConfigurationPlatforms) = postSolution
		{D3F465B4-CCA9-4B82-BFE8-B6CD1D72C73E}.Debug|x64.ActiveCfg = Debug|x64
		{D3F465B4-CCA9-4B82-BFE8-B6CD1D72C73E}.Debug|x64.Build.0 = Debug|x64
		{D3F465B4-CCA9-4B82-BFE8-B6CD1D72C73E}.Debug|x86.ActiveCfg = Debug|Win32
		{D3F465B4-CCA9-4B82-BFE8-B6CD1D72C73E}.Debug|x86.Build.0 = Debug|Win32
		{D3F465B4-CCA9-4B82-BFE8-B6CD1D72C73E}.Release|x64.ActiveCfg = Release|x64
		{D3F465B4-CCA9-4B82-BFE8-B6CD1D72C73E}.Release|x64.Build.0 = Release|x64
		{D3F465B4-CCA9-4B82-BFE8-B6CD1D72C73E}.Release|x86.ActiveCfg = Release|Win32
		{D3F465B4-CCA9-4B82-BFE8-B6CD1D72C73E}.Release|x86.Build.0 = Release|Win32
		{D7F126CC-F5C8-4FC4-93EC-F7516CD7F816}.Debug|x64.ActiveCfg = Debug|x64
		{D7F126CC-F5C8-4FC4-93EC-F7516CD7F816}.Debug|x64.Build.0 = Debug|x64
		{D7F126CC-F5C8-4FC4-93EC-F7516CD7F816}.Debug|x86.ActiveCfg = Debug|Win32
		{D7F126CC-F5C8-4FC4-93EC-F7516CD7F816}.Debug|x86.Build.0 = Debug|Win32
		{D7F126CC-F5C8-4FC4-93EC-F7516CD7F816}.Release|x64.ActiveCfg = Release|x64
		{D7F126CC-F5C8-4FC4-93EC-F7516CD7F816}.Release|x64.Build.0 = Release|x64
		{D7F126CC-F5C8-4FC4-93EC-F7516CD7F816}.Release|x86.ActiveCfg = Release|Win32
		{D7F126CC-F5C8-4FC4-93EC-F7516CD7F816}.Release|x86.Build.0 = Release|Win32
	EndGlobalSection
	GlobalSection(SolutionProperties) = preSolution
		HideSolutionNode = FALSE
	EndGlobalSection
	GlobalSection(ExtensibilityGlobals) = postSolution
		SolutionGuid = {E4005AB8-5045-4D3E-B4E2-3EB115ABF1C0}
	EndGlobalSection
EndGlobal
